
Microsoft Visual Studio Solution File, Format Version 12.00
# Visual Studio 15
Project("{FAE04EC0-301F-11D3-BF4B-00C04F79EFBC}") = "Lab1", "Lab1\Lab1.csproj", "{606D8086-B6A5-4E01-9DC3-273B84D13B6F}"
EndProject
Global
	GlobalSection(SolutionConfigurationPlatforms) = preSolution
		Debug|Any CPU = Debug|Any CPU
		Release|Any CPU = Release|Any CPU
	EndGlobalSection
	GlobalSection(ProjectConfigurationPlatforms) = postSolution
		{606D8086-B6A5-4E01-9DC3-273B84D13B6F}.Debug|Any CPU.ActiveCfg = Debug|Any CPU
		{606D8086-B6A5-4E01-9DC3-273B84D13B6F}.Debug|Any CPU.Build.0 = Debug|Any CPU
		{606D8086-B6A5-4E01-9DC3-273B84D13B6F}.Release|Any CPU.ActiveCfg = Release|Any CPU
		{606D8086-B6A5-4E01-9DC3-273B84D13B6F}.Release|Any CPU.Build.0 = Release|Any CPU
	EndGlobalSection
EndGlobal
